Microsoft Visual Studio Solution File, Format Version 11.00
# Visual Studio 2010
Project("{FAE04EC0-301F-11D3-BF4B-00C04F79EFBC}") = "Assembly-CSharp", "Assembly-CSharp.csproj", "{64C04565-8F8B-C85C-0E9A-8E682A9A64BF}"
EndProject
Project("{FAE04EC0-301F-11D3-BF4B-00C04F79EFBC}") = "Assembly-CSharp-firstpass", "Assembly-CSharp-firstpass.csproj", "{BE53C5CC-1A9A-D58E-F638-6BA0FCF8DDDA}"
EndProject
Project("{FAE04EC0-301F-11D3-BF4B-00C04F79EFBC}") = "Assembly-CSharp-Editor", "Assembly-CSharp-Editor.csproj", "{9E9F2CC9-4DA6-F229-2258-F39AF20D6224}"
EndProject
Project("{FAE04EC0-301F-11D3-BF4B-00C04F79EFBC}") = "Assembly-CSharp-Editor-firstpass", "Assembly-CSharp-Editor-firstpass.csproj", "{4FCBAC45-DF19-9263-A41E-8C8FC3ED08DF}"
EndProject
Global
	GlobalSection(SolutionConfigurationPlatforms) = preSolution
		Debug|Any CPU = Debug|Any CPU
		Release|Any CPU = Release|Any CPU
	EndGlobalSection
	GlobalSection(ProjectConfigurationPlatforms) = postSolution
		{64C04565-8F8B-C85C-0E9A-8E682A9A64BF}.Debug|Any CPU.ActiveCfg = Debug|Any CPU
		{64C04565-8F8B-C85C-0E9A-8E682A9A64BF}.Debug|Any CPU.Build.0 = Debug|Any CPU
		{64C04565-8F8B-C85C-0E9A-8E682A9A64BF}.Release|Any CPU.ActiveCfg = Release|Any CPU
		{64C04565-8F8B-C85C-0E9A-8E682A9A64BF}.Release|Any CPU.Build.0 = Release|Any CPU
		{BE53C5CC-1A9A-D58E-F638-6BA0FCF8DDDA}.Debug|Any CPU.ActiveCfg = Debug|Any CPU
		{BE53C5CC-1A9A-D58E-F638-6BA0FCF8DDDA}.Debug|Any CPU.Build.0 = Debug|Any CPU
		{BE53C5CC-1A9A-D58E-F638-6BA0FCF8DDDA}.Release|Any CPU.ActiveCfg = Release|Any CPU
		{BE53C5CC-1A9A-D58E-F638-6BA0FCF8DDDA}.Release|Any CPU.Build.0 = Release|Any CPU
		{9E9F2CC9-4DA6-F229-2258-F39AF20D6224}.Debug|Any CPU.ActiveCfg = Debug|Any CPU
		{9E9F2CC9-4DA6-F229-2258-F39AF20D6224}.Debug|Any CPU.Build.0 = Debug|Any CPU
		{9E9F2CC9-4DA6-F229-2258-F39AF20D6224}.Release|Any CPU.ActiveCfg = Release|Any CPU
		{9E9F2CC9-4DA6-F229-2258-F39AF20D6224}.Release|Any CPU.Build.0 = Release|Any CPU
		{4FCBAC45-DF19-9263-A41E-8C8FC3ED08DF}.Debug|Any CPU.ActiveCfg = Debug|Any CPU
		{4FCBAC45-DF19-9263-A41E-8C8FC3ED08DF}.Debug|Any CPU.Build.0 = Debug|Any CPU
		{4FCBAC45-DF19-9263-A41E-8C8FC3ED08DF}.Release|Any CPU.ActiveCfg = Release|Any CPU
		{4FCBAC45-DF19-9263-A41E-8C8FC3ED08DF}.Release|Any CPU.Build.0 = Release|Any CPU
	EndGlobalSection
	GlobalSection(SolutionProperties) = preSolution
		HideSolutionNode = FALSE
	EndGlobalSection
	GlobalSection(MonoDevelopProperties) = preSolution
		StartupItem = Assembly-CSharp.csproj
	EndGlobalSection
EndGlobal
